
Microsoft Visual Studio Solution File, Format Version 12.00
# Visual Studio Version 17
VisualStudioVersion = 17.0.31903.59
MinimumVisualStudioVersion = 10.0.40219.1
Project("{FAE04EC0-301F-11D3-BF4B-00C04F79EFBC}") = "FactorialZeroCalculator", "FactorialZeroCalculator.csproj", "{193183E1-B601-494A-B6CF-A394D58CF65D}"
EndProject
Global
	GlobalSection(SolutionConfigurationPlatforms) = preSolution
		Debug|Any CPU = Debug|Any CPU
		Release|Any CPU = Release|Any CPU
	EndGlobalSection
	GlobalSection(ProjectConfigurationPlatforms) = postSolution
		{193183E1-B601-494A-B6CF-A394D58CF65D}.Debug|Any CPU.ActiveCfg = Debug|Any CPU
		{193183E1-B601-494A-B6CF-A394D58CF65D}.Debug|Any CPU.Build.0 = Debug|Any CPU
		{193183E1-B601-494A-B6CF-A394D58CF65D}.Release|Any CPU.ActiveCfg = Release|Any CPU
		{193183E1-B601-494A-B6CF-A394D58CF65D}.Release|Any CPU.Build.0 = Release|Any CPU
	EndGlobalSection
	GlobalSection(SolutionProperties) = preSolution
		HideSolutionNode = FALSE
	EndGlobalSection
	GlobalSection(ExtensibilityGlobals) = postSolution
		SolutionGuid = {2C6FD939-D4F7-44CB-9BB6-BE1DD64D6BEE}
	EndGlobalSection
EndGlobal
